
Microsoft Visual Studio Solution File, Format Version 12.00
# Visual Studio Version 17
VisualStudioVersion = 17.7.34031.279
MinimumVisualStudioVersion = 10.0.40219.1
Project("{8BC9CEB8-8B4A-11D0-8D11-00A0C91BC942}") = "books", "books.vcxproj", "{C730D4F6-8BAC-4269-BC62-AF02781BB277}"
EndProject
Global
	GlobalSection(SolutionConfigurationPlatforms) = preSolution
		Debug|x64 = Debug|x64
		Debug|x86 = Debug|x86
		Release|x64 = Release|x64
		Release|x86 = Release|x86
	EndGlobalSection
	GlobalSection(ProjectConfigurationPlatforms) = postSolution
		{C730D4F6-8BAC-4269-BC62-AF02781BB277}.Debug|x64.ActiveCfg = Debug|x64
		{C730D4F6-8BAC-4269-BC62-AF02781BB277}.Debug|x64.Build.0 = Debug|x64
		{C730D4F6-8BAC-4269-BC62-AF02781BB277}.Debug|x86.ActiveCfg = Debug|Win32
		{C730D4F6-8BAC-4269-BC62-AF02781BB277}.Debug|x86.Build.0 = Debug|Win32
		{C730D4F6-8BAC-4269-BC62-AF02781BB277}.Release|x64.ActiveCfg = Release|x64
		{C730D4F6-8BAC-4269-BC62-AF02781BB277}.Release|x64.Build.0 = Release|x64
		{C730D4F6-8BAC-4269-BC62-AF02781BB277}.Release|x86.ActiveCfg = Release|Win32
		{C730D4F6-8BAC-4269-BC62-AF02781BB277}.Release|x86.Build.0 = Release|Win32
	EndGlobalSection
	GlobalSection(SolutionProperties) = preSolution
		HideSolutionNode = FALSE
	EndGlobalSection
	GlobalSection(ExtensibilityGlobals) = postSolution
		SolutionGuid = {ABE18BE1-FFD2-42B0-90B0-E39B41E20437}
	EndGlobalSection
EndGlobal
